
Microsoft Visual Studio Solution File, Format Version 12.00
# Visual Studio 15
VisualStudioVersion = 15.0.28010.2036
MinimumVisualStudioVersion = 10.0.40219.1
Project("{9A19103F-16F7-4668-BE54-9A1E7A4F7556}") = "BoardGame.Api", "BoardGame.Api\BoardGame.Api.csproj", "{31A15996-1941-4C6C-82EB-321CFF229246}"
EndProject
Project("{FAE04EC0-301F-11D3-BF4B-00C04F79EFBC}") = "BggApi", "BggApi\BggApi.csproj", "{DAD9A71C-160B-41DF-8047-478C070A1B16}"
EndProject
Global
	GlobalSection(SolutionConfigurationPlatforms) = preSolution
		Debug|Any CPU = Debug|Any CPU
		Release|Any CPU = Release|Any CPU
	EndGlobalSection
	GlobalSection(ProjectConfigurationPlatforms) = postSolution
		{31A15996-1941-4C6C-82EB-321CFF229246}.Debug|Any CPU.ActiveCfg = Debug|Any CPU
		{31A15996-1941-4C6C-82EB-321CFF229246}.Debug|Any CPU.Build.0 = Debug|Any CPU
		{31A15996-1941-4C6C-82EB-321CFF229246}.Release|Any CPU.ActiveCfg = Release|Any CPU
		{31A15996-1941-4C6C-82EB-321CFF229246}.Release|Any CPU.Build.0 = Release|Any CPU
		{DAD9A71C-160B-41DF-8047-478C070A1B16}.Debug|Any CPU.ActiveCfg = Debug|Any CPU
		{DAD9A71C-160B-41DF-8047-478C070A1B16}.Debug|Any CPU.Build.0 = Debug|Any CPU
		{DAD9A71C-160B-41DF-8047-478C070A1B16}.Release|Any CPU.ActiveCfg = Release|Any CPU
		{DAD9A71C-160B-41DF-8047-478C070A1B16}.Release|Any CPU.Build.0 = Release|Any CPU
	EndGlobalSection
	GlobalSection(SolutionProperties) = preSolution
		HideSolutionNode = FALSE
	EndGlobalSection
	GlobalSection(ExtensibilityGlobals) = postSolution
		SolutionGuid = {D2A8DE88-431C-404A-829F-BCAA1EE00DEF}
	EndGlobalSection
EndGlobal
